
Microsoft Visual Studio Solution File, Format Version 12.00
# Visual Studio Version 16
VisualStudioVersion = 16.0.29519.181
MinimumVisualStudioVersion = 10.0.40219.1
Project("{FAE04EC0-301F-11D3-BF4B-00C04F79EFBC}") = "WebAppCore", "WebAppCore\WebAppCore.csproj", "{18960C59-1A44-441A-B581-DDE474EA7E53}"
EndProject
Global
	GlobalSection(SolutionConfigurationPlatforms) = preSolution
		Debug|Any CPU = Debug|Any CPU
		Release|Any CPU = Release|Any CPU
	EndGlobalSection
	GlobalSection(ProjectConfigurationPlatforms) = postSolution
		{18960C59-1A44-441A-B581-DDE474EA7E53}.Debug|Any CPU.ActiveCfg = Debug|Any CPU
		{18960C59-1A44-441A-B581-DDE474EA7E53}.Debug|Any CPU.Build.0 = Debug|Any CPU
		{18960C59-1A44-441A-B581-DDE474EA7E53}.Release|Any CPU.ActiveCfg = Release|Any CPU
		{18960C59-1A44-441A-B581-DDE474EA7E53}.Release|Any CPU.Build.0 = Release|Any CPU
	EndGlobalSection
	GlobalSection(SolutionProperties) = preSolution
		HideSolutionNode = FALSE
	EndGlobalSection
	GlobalSection(ExtensibilityGlobals) = postSolution
		SolutionGuid = {2499F4BC-E7CD-4627-8D80-8B29B17E9020}
	EndGlobalSection
EndGlobal
